// !$*UTF8*$!
{
	archiveVersion = 1;
	classes = {
	};
	objectVersion = 46;
	objects = {

/* Begin PBXBuildFile section */
		E9B07D701ADD5A2200D38670 /* test.cpp in Sources */ = {isa = PBXBuildFile; fileRef = E9B07D6E1ADD5A2200D38670 /* test.cpp */; };
/* End PBXBuildFile section */

/* Begin PBXCopyFilesBuildPhase section */
		E9B07D621ADD599B00D38670 /* CopyFiles */ = {
			isa = PBXCopyFilesBuildPhase;
			buildActionMask = 2147483647;
			dstPath = /usr/share/man/man1/;
			dstSubfolderSpec = 0;
			files = (
			);
			runOnlyForDeploymentPostprocessing = 1;
		};
/* End PBXCopyFilesBuildPhase section */

/* Begin PBXFileReference section */
		E9B07D641ADD599B00D38670 /* XArrayData */ = {isa = PBXFileReference; explicitFileType = "compiled.mach-o.executable"; includeInIndex = 0; path = XArrayData; sourceTree = BUILT_PRODUCTS_DIR; };
		E9B07D6E1ADD5A2200D38670 /* test.cpp */ = {isa = PBXFileReference; fileEncoding = 4; lastKnownFileType = sourcecode.cpp.cpp; path = test.cpp; sourceTree = SOURCE_ROOT; };
		E9B07D6F1ADD5A2200D38670 /* TemplStaticArray.h */ = {isa = PBXFileReference; fileEncoding = 4; lastKnownFileType = sourcecode.c.h; path = TemplStaticArray.h; sourceTree = SOURCE_ROOT; };
/* End PBXFileReference section */

/* Begin PBXFrameworksBuildPhase section */
		E9B07D611ADD599B00D38670 /* Frameworks */ = {
			isa = PBXFrameworksBuildPhase;
			buildActionMask = 2147483647;
			files = (
			);
			runOnlyForDeploymentPostprocessing = 0;
		};
/* End PBXFrameworksBuildPhase section */

/* Begin PBXGroup section */
		E9B07D5B1ADD599B00D38670 = {
			isa = PBXGroup;
			children = (
				E9B07D661ADD599B00D38670 /* XArrayData */,
				E9B07D651ADD599B00D38670 /* Products */,
			);
			sourceTree = "<group>";
		};
		E9B07D651ADD599B00D38670 /* Products */ = {
			isa = PBXGroup;
			children = (
				E9B07D641ADD599B00D38670 /* XArrayData */,
			);
			name = Products;
			sourceTree = "<group>";
		};
		E9B07D661ADD599B00D38670 /* XArrayData */ = {
			isa = PBXGroup;
			children = (
				E9B07D6E1ADD5A2200D38670 /* test.cpp */,
				E9B07D6F1ADD5A2200D38670 /* TemplStaticArray.h */,
			);
			path = XArrayData;
			sourceTree = "<group>";
		};
/* End PBXGroup section */

/* Begin PBXNativeTarget section */
		E9B07D631ADD599B00D38670 /* XArrayData */ = {
			isa = PBXNativeTarget;
			buildConfigurationList = E9B07D6B1ADD599B00D38670 /* Build configuration list for PBXNativeTarget "XArrayData" */;
			buildPhases = (
				E9B07D601ADD599B00D38670 /* Sources */,
				E9B07D611ADD599B00D38670 /* Frameworks */,
				E9B07D621ADD599B00D38670 /* CopyFiles */,
			);
			buildRules = (
			);
			dependencies = (
			);
			name = XArrayData;
			productName = XArrayData;
			productReference = E9B07D641ADD599B00D38670 /* XArrayData */;
			productType = "com.apple.product-type.tool";
		};
/* End PBXNativeTarget section */

/* Begin PBXProject section */
		E9B07D5C1ADD599B00D38670 /* Project object */ = {
			isa = PBXProject;
			attributes = {
				LastUpgradeCheck = 0630;
				ORGANIZATIONNAME = "StickFigure Graphic Productions";
				TargetAttributes = {
					E9B07D631ADD599B00D38670 = {
						CreatedOnToolsVersion = 6.3;
					};
				};
			};
			buildConfigurationList = E9B07D5F1ADD599B00D38670 /* Build configuration list for PBXProject "XArrayData" */;
			compatibilityVersion = "Xcode 3.2";
			developmentRegion = English;
			hasScannedForEncodings = 0;
			knownRegions = (
				en,
			);
			mainGroup = E9B07D5B1ADD599B00D38670;
			productRefGroup = E9B07D651ADD599B00D38670 /* Products */;
			projectDirPath = "";
			projectRoot = "";
			targets = (
				E9B07D631ADD599B00D38670 /* XArrayData */,
			);
		};
/* End PBXProject section */

/* Begin PBXSourcesBuildPhase section */
		E9B07D601ADD599B00D38670 /* Sources */ = {
			isa = PBXSourcesBuildPhase;
			buildActionMask = 2147483647;
			files = (
				E9B07D701ADD5A2200D38670 /* test.cpp in Sources */,
			);
			runOnlyForDeploymentPostprocessing = 0;
		};
/* End PBXSourcesBuildPhase section */

/* Begin XCBuildConfiguration section */
		E9B07D691ADD599B00D38670 /* Debug */ = {
			isa = XCBuildConfiguration;
			buildSettings = {
				ALWAYS_SEARCH_USER_PATHS = NO;
				CLANG_CXX_LANGUAGE_STANDARD = "gnu++0x";
				CLANG_CXX_LIBRARY = "libc++";
				CLANG_ENABLE_MODULES = YES;
				CLANG_ENABLE_OBJC_ARC = YES;
				CLANG_WARN_BOOL_CONVERSION = YES;
				CLANG_WARN_CONSTANT_CONVERSION = YES;
				CLANG_WARN_DIRECT_OBJC_ISA_USAGE = YES_ERROR;
				CLANG_WARN_EMPTY_BODY = YES;
				CLANG_WARN_ENUM_CONVERSION = YES;
				CLANG_WARN_INT_CONVERSION = YES;
				CLANG_WARN_OBJC_ROOT_CLASS = YES_ERROR;
				CLANG_WARN_UNREACHABLE_CODE = YES;
				CLANG_WARN__DUPLICATE_METHOD_MATCH = YES;
				COPY_PHASE_STRIP = NO;
				DEBUG_INFORMATION_FORMAT = dwarf;
				ENABLE_STRICT_OBJC_MSGSEND = YES;
				GCC_C_LANGUAGE_STANDARD = gnu99;
				GCC_DYNAMIC_NO_PIC = NO;
				GCC_NO_COMMON_BLOCKS = YES;
				GCC_OPTIMIZATION_LEVEL = 0;
				GCC_PREPROCESSOR_DEFINITIONS = (
					"DEBUG=1",
					"$(inherited)",
				);
				GCC_SYMBOLS_PRIVATE_EXTERN = NO;
				GCC_WARN_64_TO_32_BIT_CONVERSION = YES;
				GCC_WARN_ABOUT_RETURN_TYPE = YES_ERROR;
				GCC_WARN_UNDECLARED_SELECTOR = YES;
				GCC_WARN_UNINITIALIZED_AUTOS = YES_AGGRESSIVE;
				GCC_WARN_UNUSED_FUNCTION = YES;
				GCC_WARN_UNUSED_VARIABLE = YES;
				MACOSX_DEPLOYMENT_TARGET = 10.10;
				MTL_ENABLE_DEBUG_INFO = YES;
				ONLY_ACTIVE_ARCH = YES;
				SDKROOT = macosx;
			};
			name = Debug;
		};
		E9B07D6A1ADD599B00D38670 /* Release */ = {
			isa = XCBuildConfiguration;
			buildSettings = {
				ALWAYS_SEARCH_USER_PATHS = NO;
				CLANG_CXX_LANGUAGE_STANDARD = "gnu++0x";
				CLANG_CXX_LIBRARY = "libc++";
				CLANG_ENABLE_MODULES = YES;
				CLANG_ENABLE_OBJC_ARC = YES;
				CLANG_WARN_BOOL_CONVERSION = YES;
				CLANG_WARN_CONSTANT_CONVERSION = YES;
				CLANG_WARN_DIRECT_OBJC_ISA_USAGE = YES_ERROR;
				CLANG_WARN_EMPTY_BODY = YES;
				CLANG_WARN_ENUM_CONVERSION = YES;
				CLANG_WARN_INT_CONVERSION = YES;
				CLANG_WARN_OBJC_ROOT_CLASS = YES_ERROR;
				CLANG_WARN_UNREACHABLE_CODE = YES;
				CLANG_WARN__DUPLICATE_METHOD_MATCH = YES;
				COPY_PHASE_STRIP = NO;
				DEBUG_INFORMATION_FORMAT = "dwarf-with-dsym";
				ENABLE_NS_ASSERTIONS = NO;
				ENABLE_STRICT_OBJC_MSGSEND = YES;
				GCC_C_LANGUAGE_STANDARD = gnu99;
				GCC_NO_COMMON_BLOCKS = YES;
				GCC_WARN_64_TO_32_BIT_CONVERSION = YES;
				GCC_WARN_ABOUT_RETURN_TYPE = YES_ERROR;
				GCC_WARN_UNDECLARED_SELECTOR = YES;
				GCC_WARN_UNINITIALIZED_AUTOS = YES_AGGRESSIVE;
				GCC_WARN_UNUSED_FUNCTION = YES;
				GCC_WARN_UNUSED_VARIABLE = YES;
				MACOSX_DEPLOYMENT_TARGET = 10.10;
				MTL_ENABLE_DEBUG_INFO = NO;
				SDKROOT = macosx;
			};
			name = Release;
		};
		E9B07D6C1ADD599B00D38670 /* Debug */ = {
			isa = XCBuildConfiguration;
			buildSettings = {
				PRODUCT_NAME = "$(TARGET_NAME)";
			};
			name = Debug;
		};
		E9B07D6D1ADD599B00D38670 /* Release */ = {
			isa = XCBuildConfiguration;
			buildSettings = {
				PRODUCT_NAME = "$(TARGET_NAME)";
			};
			name = Release;
		};
/* End XCBuildConfiguration section */

/* Begin XCConfigurationList section */
		E9B07D5F1ADD599B00D38670 /* Build configuration list for PBXProject "XArrayData" */ = {
			isa = XCConfigurationList;
			buildConfigurations = (
				E9B07D691ADD599B00D38670 /* Debug */,
				E9B07D6A1ADD599B00D38670 /* Release */,
			);
			defaultConfigurationIsVisible = 0;
			defaultConfigurationName = Release;
		};
		E9B07D6B1ADD599B00D38670 /* Build configuration list for PBXNativeTarget "XArrayData" */ = {
			isa = XCConfigurationList;
			buildConfigurations = (
				E9B07D6C1ADD599B00D38670 /* Debug */,
				E9B07D6D1ADD599B00D38670 /* Release */,
			);
			defaultConfigurationIsVisible = 0;
		};
/* End XCConfigurationList section */
	};
	rootObject = E9B07D5C1ADD599B00D38670 /* Project object */;
}
